
Microsoft Visual Studio Solution File, Format Version 12.00
# Visual Studio 15
VisualStudioVersion = 15.0.28307.1145
MinimumVisualStudioVersion = 10.0.40219.1
Project("{9092AA53-FB77-4645-B42D-1CCCA6BD08BD}") = "FileUploadTest", "FileUploadTest\FileUploadTest.njsproj", "{6139A63B-C5D8-4353-AF7B-064BF0889821}"
EndProject
Global
	GlobalSection(SolutionConfigurationPlatforms) = preSolution
		Debug|Any CPU = Debug|Any CPU
		Release|Any CPU = Release|Any CPU
	EndGlobalSection
	GlobalSection(ProjectConfigurationPlatforms) = postSolution
		{6139A63B-C5D8-4353-AF7B-064BF0889821}.Debug|Any CPU.ActiveCfg = Debug|Any CPU
		{6139A63B-C5D8-4353-AF7B-064BF0889821}.Debug|Any CPU.Build.0 = Debug|Any CPU
		{6139A63B-C5D8-4353-AF7B-064BF0889821}.Release|Any CPU.ActiveCfg = Release|Any CPU
		{6139A63B-C5D8-4353-AF7B-064BF0889821}.Release|Any CPU.Build.0 = Release|Any CPU
	EndGlobalSection
	GlobalSection(SolutionProperties) = preSolution
		HideSolutionNode = FALSE
	EndGlobalSection
	GlobalSection(ExtensibilityGlobals) = postSolution
		SolutionGuid = {853568EA-E766-4DC4-9AC6-65D717D30968}
	EndGlobalSection
EndGlobal
